// !$*UTF8*$!
{
	archiveVersion = 1;
	classes = {
	};
	objectVersion = 46;
	objects = {

/* Begin PBXBuildFile section */
		46274C7E1E69D77E0062FBCB /* PaymentViewController.swift in Sources */ = {isa = PBXBuildFile; fileRef = 46274C7D1E69D77E0062FBCB /* PaymentViewController.swift */; };
		4664E2231E68EF8600811D66 /* SWRevealViewController.m in Sources */ = {isa = PBXBuildFile; fileRef = 4664E2221E68EF8600811D66 /* SWRevealViewController.m */; };
		4664E2281E6907B700811D66 /* RestaurantViewController.swift in Sources */ = {isa = PBXBuildFile; fileRef = 4664E2271E6907B700811D66 /* RestaurantViewController.swift */; };
		4664E22A1E69164B00811D66 /* CustomerMenuTableViewController.swift in Sources */ = {isa = PBXBuildFile; fileRef = 4664E2291E69164B00811D66 /* CustomerMenuTableViewController.swift */; };
		4664E22C1E69208200811D66 /* MealListTableViewController.swift in Sources */ = {isa = PBXBuildFile; fileRef = 4664E22B1E69208200811D66 /* MealListTableViewController.swift */; };
		4664E22E1E6931AD00811D66 /* MealDetailsViewController.swift in Sources */ = {isa = PBXBuildFile; fileRef = 4664E22D1E6931AD00811D66 /* MealDetailsViewController.swift */; };
		4664E2301E693F4700811D66 /* TrayViewController.swift in Sources */ = {isa = PBXBuildFile; fileRef = 4664E22F1E693F4700811D66 /* TrayViewController.swift */; };
		4664E2331E69405B00811D66 /* MapKit.framework in Frameworks */ = {isa = PBXBuildFile; fileRef = 4664E2321E69405B00811D66 /* MapKit.framework */; };
		46865AA81E68C131003FCF97 /* AppDelegate.swift in Sources */ = {isa = PBXBuildFile; fileRef = 46865AA71E68C131003FCF97 /* AppDelegate.swift */; };
		46865AAA1E68C131003FCF97 /* ViewController.swift in Sources */ = {isa = PBXBuildFile; fileRef = 46865AA91E68C131003FCF97 /* ViewController.swift */; };
		46865AAD1E68C131003FCF97 /* Main.storyboard in Resources */ = {isa = PBXBuildFile; fileRef = 46865AAB1E68C131003FCF97 /* Main.storyboard */; };
		46865AAF1E68C131003FCF97 /* Assets.xcassets in Resources */ = {isa = PBXBuildFile; fileRef = 46865AAE1E68C131003FCF97 /* Assets.xcassets */; };
		46865AB21E68C131003FCF97 /* LaunchScreen.storyboard in Resources */ = {isa = PBXBuildFile; fileRef = 46865AB01E68C131003FCF97 /* LaunchScreen.storyboard */; };
		A0457E0E5C12B54CB6C65F84 /* Pods_dash_and_dine_mobile.framework in Frameworks */ = {isa = PBXBuildFile; fileRef = 19033CC68B110FBF390354FB /* Pods_dash_and_dine_mobile.framework */; };
/* End PBXBuildFile section */

/* Begin PBXFileReference section */
		19033CC68B110FBF390354FB /* Pods_dash_and_dine_mobile.framework */ = {isa = PBXFileReference; explicitFileType = wrapper.framework; includeInIndex = 0; path = Pods_dash_and_dine_mobile.framework; sourceTree = BUILT_PRODUCTS_DIR; };
		46274C7D1E69D77E0062FBCB /* PaymentViewController.swift */ = {isa = PBXFileReference; fileEncoding = 4; lastKnownFileType = sourcecode.swift; path = PaymentViewController.swift; sourceTree = "<group>"; };
		4664E2201E68EF8500811D66 /* dash-and-dine-mobile-Bridging-Header.h */ = {isa = PBXFileReference; lastKnownFileType = sourcecode.c.h; path = "dash-and-dine-mobile-Bridging-Header.h"; sourceTree = "<group>"; };
		4664E2211E68EF8600811D66 /* SWRevealViewController.h */ = {isa = PBXFileReference; fileEncoding = 4; lastKnownFileType = sourcecode.c.h; path = SWRevealViewController.h; sourceTree = "<group>"; };
		4664E2221E68EF8600811D66 /* SWRevealViewController.m */ = {isa = PBXFileReference; fileEncoding = 4; lastKnownFileType = sourcecode.c.objc; path = SWRevealViewController.m; sourceTree = "<group>"; };
		4664E2271E6907B700811D66 /* RestaurantViewController.swift */ = {isa = PBXFileReference; fileEncoding = 4; lastKnownFileType = sourcecode.swift; path = RestaurantViewController.swift; sourceTree = "<group>"; };
		4664E2291E69164B00811D66 /* CustomerMenuTableViewController.swift */ = {isa = PBXFileReference; fileEncoding = 4; lastKnownFileType = sourcecode.swift; path = CustomerMenuTableViewController.swift; sourceTree = "<group>"; };
		4664E22B1E69208200811D66 /* MealListTableViewController.swift */ = {isa = PBXFileReference; fileEncoding = 4; lastKnownFileType = sourcecode.swift; path = MealListTableViewController.swift; sourceTree = "<group>"; };
		4664E22D1E6931AD00811D66 /* MealDetailsViewController.swift */ = {isa = PBXFileReference; fileEncoding = 4; lastKnownFileType = sourcecode.swift; path = MealDetailsViewController.swift; sourceTree = "<group>"; };
		4664E22F1E693F4700811D66 /* TrayViewController.swift */ = {isa = PBXFileReference; fileEncoding = 4; lastKnownFileType = sourcecode.swift; path = TrayViewController.swift; sourceTree = "<group>"; };
		4664E2321E69405B00811D66 /* MapKit.framework */ = {isa = PBXFileReference; lastKnownFileType = wrapper.framework; name = MapKit.framework; path = System/Library/Frameworks/MapKit.framework; sourceTree = SDKROOT; };
		46865AA41E68C131003FCF97 /* dash-and-dine-mobile.app */ = {isa = PBXFileReference; explicitFileType = wrapper.application; includeInIndex = 0; path = "dash-and-dine-mobile.app"; sourceTree = BUILT_PRODUCTS_DIR; };
		46865AA71E68C131003FCF97 /* AppDelegate.swift */ = {isa = PBXFileReference; lastKnownFileType = sourcecode.swift; path = AppDelegate.swift; sourceTree = "<group>"; };
		46865AA91E68C131003FCF97 /* ViewController.swift */ = {isa = PBXFileReference; lastKnownFileType = sourcecode.swift; path = ViewController.swift; sourceTree = "<group>"; };
		46865AAC1E68C131003FCF97 /* Base */ = {isa = PBXFileReference; lastKnownFileType = file.storyboard; name = Base; path = Base.lproj/Main.storyboard; sourceTree = "<group>"; };
		46865AAE1E68C131003FCF97 /* Assets.xcassets */ = {isa = PBXFileReference; lastKnownFileType = folder.assetcatalog; path = Assets.xcassets; sourceTree = "<group>"; };
		46865AB11E68C131003FCF97 /* Base */ = {isa = PBXFileReference; lastKnownFileType = file.storyboard; name = Base; path = Base.lproj/LaunchScreen.storyboard; sourceTree = "<group>"; };
		46865AB31E68C131003FCF97 /* Info.plist */ = {isa = PBXFileReference; lastKnownFileType = text.plist.xml; path = Info.plist; sourceTree = "<group>"; };
		6027C8219662E40F01BE5A39 /* Pods-dash-and-dine-mobile.debug.xcconfig */ = {isa = PBXFileReference; includeInIndex = 1; lastKnownFileType = text.xcconfig; name = "Pods-dash-and-dine-mobile.debug.xcconfig"; path = "Pods/Target Support Files/Pods-dash-and-dine-mobile/Pods-dash-and-dine-mobile.debug.xcconfig"; sourceTree = "<group>"; };
		8F134E12D75653F8402A00DA /* Pods-dash-and-dine-mobile.release.xcconfig */ = {isa = PBXFileReference; includeInIndex = 1; lastKnownFileType = text.xcconfig; name = "Pods-dash-and-dine-mobile.release.xcconfig"; path = "Pods/Target Support Files/Pods-dash-and-dine-mobile/Pods-dash-and-dine-mobile.release.xcconfig"; sourceTree = "<group>"; };
/* End PBXFileReference section */

/* Begin PBXFrameworksBuildPhase section */
		46865AA11E68C130003FCF97 /* Frameworks */ = {
			isa = PBXFrameworksBuildPhase;
			buildActionMask = 2147483647;
			files = (
				4664E2331E69405B00811D66 /* MapKit.framework in Frameworks */,
				A0457E0E5C12B54CB6C65F84 /* Pods_dash_and_dine_mobile.framework in Frameworks */,
			);
			runOnlyForDeploymentPostprocessing = 0;
		};
/* End PBXFrameworksBuildPhase section */

/* Begin PBXGroup section */
		00543CBBD884CD078DB34316 /* Pods */ = {
			isa = PBXGroup;
			children = (
				6027C8219662E40F01BE5A39 /* Pods-dash-and-dine-mobile.debug.xcconfig */,
				8F134E12D75653F8402A00DA /* Pods-dash-and-dine-mobile.release.xcconfig */,
			);
			name = Pods;
			sourceTree = "<group>";
		};
		4664E2241E68EFF500811D66 /* Lib */ = {
			isa = PBXGroup;
			children = (
				4664E2221E68EF8600811D66 /* SWRevealViewController.m */,
				4664E2211E68EF8600811D66 /* SWRevealViewController.h */,
				4664E2201E68EF8500811D66 /* dash-and-dine-mobile-Bridging-Header.h */,
			);
			name = Lib;
			sourceTree = "<group>";
		};
		4664E2311E69405B00811D66 /* Frameworks */ = {
			isa = PBXGroup;
			children = (
				4664E2321E69405B00811D66 /* MapKit.framework */,
				19033CC68B110FBF390354FB /* Pods_dash_and_dine_mobile.framework */,
			);
			name = Frameworks;
			sourceTree = "<group>";
		};
		46865A9B1E68C130003FCF97 = {
			isa = PBXGroup;
			children = (
				46865AA61E68C131003FCF97 /* dash-and-dine-mobile */,
				46865AA51E68C131003FCF97 /* Products */,
				4664E2311E69405B00811D66 /* Frameworks */,
				00543CBBD884CD078DB34316 /* Pods */,
			);
			sourceTree = "<group>";
		};
		46865AA51E68C131003FCF97 /* Products */ = {
			isa = PBXGroup;
			children = (
				46865AA41E68C131003FCF97 /* dash-and-dine-mobile.app */,
			);
			name = Products;
			sourceTree = "<group>";
		};
		46865AA61E68C131003FCF97 /* dash-and-dine-mobile */ = {
			isa = PBXGroup;
			children = (
				4664E2241E68EFF500811D66 /* Lib */,
				46865AA71E68C131003FCF97 /* AppDelegate.swift */,
				46865AA91E68C131003FCF97 /* ViewController.swift */,
				46865AAB1E68C131003FCF97 /* Main.storyboard */,
				46865AAE1E68C131003FCF97 /* Assets.xcassets */,
				46865AB01E68C131003FCF97 /* LaunchScreen.storyboard */,
				46865AB31E68C131003FCF97 /* Info.plist */,
				4664E2271E6907B700811D66 /* RestaurantViewController.swift */,
				4664E2291E69164B00811D66 /* CustomerMenuTableViewController.swift */,
				4664E22B1E69208200811D66 /* MealListTableViewController.swift */,
				4664E22D1E6931AD00811D66 /* MealDetailsViewController.swift */,
				4664E22F1E693F4700811D66 /* TrayViewController.swift */,
				46274C7D1E69D77E0062FBCB /* PaymentViewController.swift */,
			);
			path = "dash-and-dine-mobile";
			sourceTree = "<group>";
		};
/* End PBXGroup section */

/* Begin PBXNativeTarget section */
		46865AA31E68C130003FCF97 /* dash-and-dine-mobile */ = {
			isa = PBXNativeTarget;
			buildConfigurationList = 46865AB61E68C131003FCF97 /* Build configuration list for PBXNativeTarget "dash-and-dine-mobile" */;
			buildPhases = (
				A1DA1B8E9A485301FD0E786E /* [CP] Check Pods Manifest.lock */,
				46865AA01E68C130003FCF97 /* Sources */,
				46865AA11E68C130003FCF97 /* Frameworks */,
				46865AA21E68C130003FCF97 /* Resources */,
				323CF06D7DF0C2EF0F5713B5 /* [CP] Embed Pods Frameworks */,
				1AF4B64E83B77F06252BDDDE /* [CP] Copy Pods Resources */,
			);
			buildRules = (
			);
			dependencies = (
			);
			name = "dash-and-dine-mobile";
			productName = "dash-and-dine-mobile";
			productReference = 46865AA41E68C131003FCF97 /* dash-and-dine-mobile.app */;
			productType = "com.apple.product-type.application";
		};
/* End PBXNativeTarget section */

/* Begin PBXProject section */
		46865A9C1E68C130003FCF97 /* Project object */ = {
			isa = PBXProject;
			attributes = {
				LastSwiftUpdateCheck = 0820;
				LastUpgradeCheck = 0820;
				ORGANIZATIONNAME = "Matt Gordon";
				TargetAttributes = {
					46865AA31E68C130003FCF97 = {
						CreatedOnToolsVersion = 8.2.1;
						LastSwiftMigration = 0820;
						ProvisioningStyle = Automatic;
					};
				};
			};
			buildConfigurationList = 46865A9F1E68C130003FCF97 /* Build configuration list for PBXProject "dash-and-dine-mobile" */;
			compatibilityVersion = "Xcode 3.2";
			developmentRegion = English;
			hasScannedForEncodings = 0;
			knownRegions = (
				en,
				Base,
			);
			mainGroup = 46865A9B1E68C130003FCF97;
			productRefGroup = 46865AA51E68C131003FCF97 /* Products */;
			projectDirPath = "";
			projectRoot = "";
			targets = (
				46865AA31E68C130003FCF97 /* dash-and-dine-mobile */,
			);
		};
/* End PBXProject section */

/* Begin PBXResourcesBuildPhase section */
		46865AA21E68C130003FCF97 /* Resources */ = {
			isa = PBXResourcesBuildPhase;
			buildActionMask = 2147483647;
			files = (
				46865AB21E68C131003FCF97 /* LaunchScreen.storyboard in Resources */,
				46865AAF1E68C131003FCF97 /* Assets.xcassets in Resources */,
				46865AAD1E68C131003FCF97 /* Main.storyboard in Resources */,
			);
			runOnlyForDeploymentPostprocessing = 0;
		};
/* End PBXResourcesBuildPhase section */

/* Begin PBXShellScriptBuildPhase section */
		1AF4B64E83B77F06252BDDDE /* [CP] Copy Pods Resources */ = {
			isa = PBXShellScriptBuildPhase;
			buildActionMask = 2147483647;
			files = (
			);
			inputPaths = (
			);
			name = "[CP] Copy Pods Resources";
			outputPaths = (
			);
			runOnlyForDeploymentPostprocessing = 0;
			shellPath = /bin/sh;
			shellScript = "\"${SRCROOT}/Pods/Target Support Files/Pods-dash-and-dine-mobile/Pods-dash-and-dine-mobile-resources.sh\"\n";
			showEnvVarsInLog = 0;
		};
		323CF06D7DF0C2EF0F5713B5 /* [CP] Embed Pods Frameworks */ = {
			isa = PBXShellScriptBuildPhase;
			buildActionMask = 2147483647;
			files = (
			);
			inputPaths = (
			);
			name = "[CP] Embed Pods Frameworks";
			outputPaths = (
			);
			runOnlyForDeploymentPostprocessing = 0;
			shellPath = /bin/sh;
			shellScript = "\"${SRCROOT}/Pods/Target Support Files/Pods-dash-and-dine-mobile/Pods-dash-and-dine-mobile-frameworks.sh\"\n";
			showEnvVarsInLog = 0;
		};
		A1DA1B8E9A485301FD0E786E /* [CP] Check Pods Manifest.lock */ = {
			isa = PBXShellScriptBuildPhase;
			buildActionMask = 2147483647;
			files = (
			);
			inputPaths = (
			);
			name = "[CP] Check Pods Manifest.lock";
			outputPaths = (
			);
			runOnlyForDeploymentPostprocessing = 0;
			shellPath = /bin/sh;
			shellScript = "diff \"${PODS_ROOT}/../Podfile.lock\" \"${PODS_ROOT}/Manifest.lock\" > /dev/null\nif [ $? != 0 ] ; then\n    # print error to STDERR\n    echo \"error: The sandbox is not in sync with the Podfile.lock. Run 'pod install' or update your CocoaPods installation.\" >&2\n    exit 1\nfi\n";
			showEnvVarsInLog = 0;
		};
/* End PBXShellScriptBuildPhase section */

/* Begin PBXSourcesBuildPhase section */
		46865AA01E68C130003FCF97 /* Sources */ = {
			isa = PBXSourcesBuildPhase;
			buildActionMask = 2147483647;
			files = (
				46865AAA1E68C131003FCF97 /* ViewController.swift in Sources */,
				4664E22E1E6931AD00811D66 /* MealDetailsViewController.swift in Sources */,
				4664E2301E693F4700811D66 /* TrayViewController.swift in Sources */,
				4664E2281E6907B700811D66 /* RestaurantViewController.swift in Sources */,
				4664E22C1E69208200811D66 /* MealListTableViewController.swift in Sources */,
				46865AA81E68C131003FCF97 /* AppDelegate.swift in Sources */,
				4664E22A1E69164B00811D66 /* CustomerMenuTableViewController.swift in Sources */,
				46274C7E1E69D77E0062FBCB /* PaymentViewController.swift in Sources */,
				4664E2231E68EF8600811D66 /* SWRevealViewController.m in Sources */,
			);
			runOnlyForDeploymentPostprocessing = 0;
		};
/* End PBXSourcesBuildPhase section */

/* Begin PBXVariantGroup section */
		46865AAB1E68C131003FCF97 /* Main.storyboard */ = {
			isa = PBXVariantGroup;
			children = (
				46865AAC1E68C131003FCF97 /* Base */,
			);
			name = Main.storyboard;
			sourceTree = "<group>";
		};
		46865AB01E68C131003FCF97 /* LaunchScreen.storyboard */ = {
			isa = PBXVariantGroup;
			children = (
				46865AB11E68C131003FCF97 /* Base */,
			);
			name = LaunchScreen.storyboard;
			sourceTree = "<group>";
		};
/* End PBXVariantGroup section */

/* Begin XCBuildConfiguration section */
		46865AB41E68C131003FCF97 /* Debug */ = {
			isa = XCBuildConfiguration;
			buildSettings = {
				ALWAYS_SEARCH_USER_PATHS = NO;
				CLANG_ANALYZER_NONNULL = YES;
				CLANG_CXX_LANGUAGE_STANDARD = "gnu++0x";
				CLANG_CXX_LIBRARY = "libc++";
				CLANG_ENABLE_MODULES = YES;
				CLANG_ENABLE_OBJC_ARC = YES;
				CLANG_WARN_BOOL_CONVERSION = YES;
				CLANG_WARN_CONSTANT_CONVERSION = YES;
				CLANG_WARN_DIRECT_OBJC_ISA_USAGE = YES_ERROR;
				CLANG_WARN_DOCUMENTATION_COMMENTS = YES;
				CLANG_WARN_EMPTY_BODY = YES;
				CLANG_WARN_ENUM_CONVERSION = YES;
				CLANG_WARN_INFINITE_RECURSION = YES;
				CLANG_WARN_INT_CONVERSION = YES;
				CLANG_WARN_OBJC_ROOT_CLASS = YES_ERROR;
				CLANG_WARN_SUSPICIOUS_MOVE = YES;
				CLANG_WARN_UNREACHABLE_CODE = YES;
				CLANG_WARN__DUPLICATE_METHOD_MATCH = YES;
				"CODE_SIGN_IDENTITY[sdk=iphoneos*]" = "iPhone Developer";
				COPY_PHASE_STRIP = NO;
				DEBUG_INFORMATION_FORMAT = dwarf;
				ENABLE_STRICT_OBJC_MSGSEND = YES;
				ENABLE_TESTABILITY = YES;
				GCC_C_LANGUAGE_STANDARD = gnu99;
				GCC_DYNAMIC_NO_PIC = NO;
				GCC_NO_COMMON_BLOCKS = YES;
				GCC_OPTIMIZATION_LEVEL = 0;
				GCC_PREPROCESSOR_DEFINITIONS = (
					"DEBUG=1",
					"$(inherited)",
				);
				GCC_WARN_64_TO_32_BIT_CONVERSION = YES;
				GCC_WARN_ABOUT_RETURN_TYPE = YES_ERROR;
				GCC_WARN_UNDECLARED_SELECTOR = YES;
				GCC_WARN_UNINITIALIZED_AUTOS = YES_AGGRESSIVE;
				GCC_WARN_UNUSED_FUNCTION = YES;
				GCC_WARN_UNUSED_VARIABLE = YES;
				IPHONEOS_DEPLOYMENT_TARGET = 10.2;
				MTL_ENABLE_DEBUG_INFO = YES;
				ONLY_ACTIVE_ARCH = YES;
				SDKROOT = iphoneos;
				SWIFT_ACTIVE_COMPILATION_CONDITIONS = DEBUG;
				SWIFT_OPTIMIZATION_LEVEL = "-Onone";
				TARGETED_DEVICE_FAMILY = "1,2";
			};
			name = Debug;
		};
		46865AB51E68C131003FCF97 /* Release */ = {
			isa = XCBuildConfiguration;
			buildSettings = {
				ALWAYS_SEARCH_USER_PATHS = NO;
				CLANG_ANALYZER_NONNULL = YES;
				CLANG_CXX_LANGUAGE_STANDARD = "gnu++0x";
				CLANG_CXX_LIBRARY = "libc++";
				CLANG_ENABLE_MODULES = YES;
				CLANG_ENABLE_OBJC_ARC = YES;
				CLANG_WARN_BOOL_CONVERSION = YES;
				CLANG_WARN_CONSTANT_CONVERSION = YES;
				CLANG_WARN_DIRECT_OBJC_ISA_USAGE = YES_ERROR;
				CLANG_WARN_DOCUMENTATION_COMMENTS = YES;
				CLANG_WARN_EMPTY_BODY = YES;
				CLANG_WARN_ENUM_CONVERSION = YES;
				CLANG_WARN_INFINITE_RECURSION = YES;
				CLANG_WARN_INT_CONVERSION = YES;
				CLANG_WARN_OBJC_ROOT_CLASS = YES_ERROR;
				CLANG_WARN_SUSPICIOUS_MOVE = YES;
				CLANG_WARN_UNREACHABLE_CODE = YES;
				CLANG_WARN__DUPLICATE_METHOD_MATCH = YES;
				"CODE_SIGN_IDENTITY[sdk=iphoneos*]" = "iPhone Developer";
				COPY_PHASE_STRIP = NO;
				DEBUG_INFORMATION_FORMAT = "dwarf-with-dsym";
				ENABLE_NS_ASSERTIONS = NO;
				ENABLE_STRICT_OBJC_MSGSEND = YES;
				GCC_C_LANGUAGE_STANDARD = gnu99;
				GCC_NO_COMMON_BLOCKS = YES;
				GCC_WARN_64_TO_32_BIT_CONVERSION = YES;
				GCC_WARN_ABOUT_RETURN_TYPE = YES_ERROR;
				GCC_WARN_UNDECLARED_SELECTOR = YES;
				GCC_WARN_UNINITIALIZED_AUTOS = YES_AGGRESSIVE;
				GCC_WARN_UNUSED_FUNCTION = YES;
				GCC_WARN_UNUSED_VARIABLE = YES;
				IPHONEOS_DEPLOYMENT_TARGET = 10.2;
				MTL_ENABLE_DEBUG_INFO = NO;
				SDKROOT = iphoneos;
				SWIFT_OPTIMIZATION_LEVEL = "-Owholemodule";
				TARGETED_DEVICE_FAMILY = "1,2";
				VALIDATE_PRODUCT = YES;
			};
			name = Release;
		};
		46865AB71E68C131003FCF97 /* Debug */ = {
			isa = XCBuildConfiguration;
			baseConfigurationReference = 6027C8219662E40F01BE5A39 /* Pods-dash-and-dine-mobile.debug.xcconfig */;
			buildSettings = {
				ASSETCATALOG_COMPILER_APPICON_NAME = AppIcon;
				CLANG_ENABLE_MODULES = YES;
				DEVELOPMENT_TEAM = "";
				INFOPLIST_FILE = "dash-and-dine-mobile/Info.plist";
				LD_RUNPATH_SEARCH_PATHS = "$(inherited) @executable_path/Frameworks";
				PRODUCT_BUNDLE_IDENTIFIER = "com.slightright.dash-and-dine-mobile";
				PRODUCT_NAME = "$(TARGET_NAME)";
				SWIFT_OBJC_BRIDGING_HEADER = "dash-and-dine-mobile/dash-and-dine-mobile-Bridging-Header.h";
				SWIFT_OPTIMIZATION_LEVEL = "-Onone";
				SWIFT_VERSION = 3.0;
			};
			name = Debug;
		};
		46865AB81E68C131003FCF97 /* Release */ = {
			isa = XCBuildConfiguration;
			baseConfigurationReference = 8F134E12D75653F8402A00DA /* Pods-dash-and-dine-mobile.release.xcconfig */;
			buildSettings = {
				ASSETCATALOG_COMPILER_APPICON_NAME = AppIcon;
				CLANG_ENABLE_MODULES = YES;
				DEVELOPMENT_TEAM = "";
				INFOPLIST_FILE = "dash-and-dine-mobile/Info.plist";
				LD_RUNPATH_SEARCH_PATHS = "$(inherited) @executable_path/Frameworks";
				PRODUCT_BUNDLE_IDENTIFIER = "com.slightright.dash-and-dine-mobile";
				PRODUCT_NAME = "$(TARGET_NAME)";
				SWIFT_OBJC_BRIDGING_HEADER = "dash-and-dine-mobile/dash-and-dine-mobile-Bridging-Header.h";
				SWIFT_VERSION = 3.0;
			};
			name = Release;
		};
/* End XCBuildConfiguration section */

/* Begin XCConfigurationList section */
		46865A9F1E68C130003FCF97 /* Build configuration list for PBXProject "dash-and-dine-mobile" */ = {
			isa = XCConfigurationList;
			buildConfigurations = (
				46865AB41E68C131003FCF97 /* Debug */,
				46865AB51E68C131003FCF97 /* Release */,
			);
			defaultConfigurationIsVisible = 0;
			defaultConfigurationName = Release;
		};
		46865AB61E68C131003FCF97 /* Build configuration list for PBXNativeTarget "dash-and-dine-mobile" */ = {
			isa = XCConfigurationList;
			buildConfigurations = (
				46865AB71E68C131003FCF97 /* Debug */,
				46865AB81E68C131003FCF97 /* Release */,
			);
			defaultConfigurationIsVisible = 0;
			defaultConfigurationName = Release;
		};
/* End XCConfigurationList section */
	};
	rootObject = 46865A9C1E68C130003FCF97 /* Project object */;
}
